{
  "name": "static",
  "version": "1.0.0",
  "lockfileVersion": 1,
  "requires": true,
  "dependencies": {
    "materialize-css": {
      "version": "1.0.0-rc.1",
      "resolved": "https://registry.npmjs.org/materialize-css/-/materialize-css-1.0.0-rc.1.tgz",
      "integrity": "sha512-YzxLgNrkaE6QKMtrjZG3ogQy64S23u3aXvwGEt5JBoGpI1jni9WIM3U8xhuZUtgUjHuCMdRqrRnA5BtUrV0wrg=="
    },
    "quotravel-web-reservas-logic": {
      "version": "0.1.1",
      "resolved": "https://registry.npmjs.org/quotravel-web-reservas-logic/-/quotravel-web-reservas-logic-0.1.1.tgz",
      "integrity": "sha512-O7Qy6vAmeVsbm+3ZmcyLSp7Hc9LVApTYAWQUpmV4YhBrQ1LaJfXyifGEajZEwH7DxuD+4bXRiqkYK5a4d2tc3g=="
    }
  }
}
